{
  "name": "snap-animation-states",
  "version": "1.0.2",
  "lockfileVersion": 1,
  "requires": true,
  "dependencies": {
    "eve": {
      "version": "0.4.2",
      "resolved": "https://registry.npmjs.org/eve/-/eve-0.4.2.tgz",
      "integrity": "sha1-fuoK/A5O+3yTZWFTFaNXaDPq0q4="
    },
    "snapsvg": {
      "version": "https://github.com/adobe-webplatform/Snap.svg/archive/v0.4.1.tar.gz",
      "integrity": "sha512-p1O7pJV4b5dL6vSvr59SGi62xU1VA0MqkIT0J5oiBKyubbd8gBeXQqcYfU2VuF462GhBD+W37AJwLTib7trgcQ==",
      "requires": {
        "eve": "~0.4.2"
      }
    }
  }
}
